
Microsoft Visual Studio Solution File, Format Version 12.00
# Visual Studio Version 16
VisualStudioVersion = 16.0.30114.105
MinimumVisualStudioVersion = 10.0.40219.1
Project("{2150E333-8FDC-42A3-9474-1A3956D46DE8}") = "src", "src", "{45E4E846-0081-46E3-ADDF-DB29D146C428}"
EndProject
Project("{FAE04EC0-301F-11D3-BF4B-00C04F79EFBC}") = "SiteMercado.Api", "src\SiteMercado.Api\SiteMercado.Api.csproj", "{28AEC349-0058-4713-9451-81FA837438F9}"
EndProject
Project("{FAE04EC0-301F-11D3-BF4B-00C04F79EFBC}") = "SiteMercado.Business", "src\SiteMercado.Business\SiteMercado.Business.csproj", "{BD3D0E21-10B9-4960-825D-7EA13583570D}"
EndProject
Project("{FAE04EC0-301F-11D3-BF4B-00C04F79EFBC}") = "SiteMercado.Data", "src\SiteMercado.Data\SiteMercado.Data.csproj", "{2B41D0DB-7845-4AA0-804A-FF7A0A7EEBD6}"
EndProject
Global
	GlobalSection(SolutionConfigurationPlatforms) = preSolution
		Debug|Any CPU = Debug|Any CPU
		Debug|x64 = Debug|x64
		Debug|x86 = Debug|x86
		Release|Any CPU = Release|Any CPU
		Release|x64 = Release|x64
		Release|x86 = Release|x86
	EndGlobalSection
	GlobalSection(SolutionProperties) = preSolution
		HideSolutionNode = FALSE
	EndGlobalSection
	GlobalSection(ProjectConfigurationPlatforms) = postSolution
		{28AEC349-0058-4713-9451-81FA837438F9}.Debug|Any CPU.ActiveCfg = Debug|Any CPU
		{28AEC349-0058-4713-9451-81FA837438F9}.Debug|Any CPU.Build.0 = Debug|Any CPU
		{28AEC349-0058-4713-9451-81FA837438F9}.Debug|x64.ActiveCfg = Debug|Any CPU
		{28AEC349-0058-4713-9451-81FA837438F9}.Debug|x64.Build.0 = Debug|Any CPU
		{28AEC349-0058-4713-9451-81FA837438F9}.Debug|x86.ActiveCfg = Debug|Any CPU
		{28AEC349-0058-4713-9451-81FA837438F9}.Debug|x86.Build.0 = Debug|Any CPU
		{28AEC349-0058-4713-9451-81FA837438F9}.Release|Any CPU.ActiveCfg = Release|Any CPU
		{28AEC349-0058-4713-9451-81FA837438F9}.Release|Any CPU.Build.0 = Release|Any CPU
		{28AEC349-0058-4713-9451-81FA837438F9}.Release|x64.ActiveCfg = Release|Any CPU
		{28AEC349-0058-4713-9451-81FA837438F9}.Release|x64.Build.0 = Release|Any CPU
		{28AEC349-0058-4713-9451-81FA837438F9}.Release|x86.ActiveCfg = Release|Any CPU
		{28AEC349-0058-4713-9451-81FA837438F9}.Release|x86.Build.0 = Release|Any CPU
		{BD3D0E21-10B9-4960-825D-7EA13583570D}.Debug|Any CPU.ActiveCfg = Debug|Any CPU
		{BD3D0E21-10B9-4960-825D-7EA13583570D}.Debug|Any CPU.Build.0 = Debug|Any CPU
		{BD3D0E21-10B9-4960-825D-7EA13583570D}.Debug|x64.ActiveCfg = Debug|Any CPU
		{BD3D0E21-10B9-4960-825D-7EA13583570D}.Debug|x64.Build.0 = Debug|Any CPU
		{BD3D0E21-10B9-4960-825D-7EA13583570D}.Debug|x86.ActiveCfg = Debug|Any CPU
		{BD3D0E21-10B9-4960-825D-7EA13583570D}.Debug|x86.Build.0 = Debug|Any CPU
		{BD3D0E21-10B9-4960-825D-7EA13583570D}.Release|Any CPU.ActiveCfg = Release|Any CPU
		{BD3D0E21-10B9-4960-825D-7EA13583570D}.Release|Any CPU.Build.0 = Release|Any CPU
		{BD3D0E21-10B9-4960-825D-7EA13583570D}.Release|x64.ActiveCfg = Release|Any CPU
		{BD3D0E21-10B9-4960-825D-7EA13583570D}.Release|x64.Build.0 = Release|Any CPU
		{BD3D0E21-10B9-4960-825D-7EA13583570D}.Release|x86.ActiveCfg = Release|Any CPU
		{BD3D0E21-10B9-4960-825D-7EA13583570D}.Release|x86.Build.0 = Release|Any CPU
		{2B41D0DB-7845-4AA0-804A-FF7A0A7EEBD6}.Debug|Any CPU.ActiveCfg = Debug|Any CPU
		{2B41D0DB-7845-4AA0-804A-FF7A0A7EEBD6}.Debug|Any CPU.Build.0 = Debug|Any CPU
		{2B41D0DB-7845-4AA0-804A-FF7A0A7EEBD6}.Debug|x64.ActiveCfg = Debug|Any CPU
		{2B41D0DB-7845-4AA0-804A-FF7A0A7EEBD6}.Debug|x64.Build.0 = Debug|Any CPU
		{2B41D0DB-7845-4AA0-804A-FF7A0A7EEBD6}.Debug|x86.ActiveCfg = Debug|Any CPU
		{2B41D0DB-7845-4AA0-804A-FF7A0A7EEBD6}.Debug|x86.Build.0 = Debug|Any CPU
		{2B41D0DB-7845-4AA0-804A-FF7A0A7EEBD6}.Release|Any CPU.ActiveCfg = Release|Any CPU
		{2B41D0DB-7845-4AA0-804A-FF7A0A7EEBD6}.Release|Any CPU.Build.0 = Release|Any CPU
		{2B41D0DB-7845-4AA0-804A-FF7A0A7EEBD6}.Release|x64.ActiveCfg = Release|Any CPU
		{2B41D0DB-7845-4AA0-804A-FF7A0A7EEBD6}.Release|x64.Build.0 = Release|Any CPU
		{2B41D0DB-7845-4AA0-804A-FF7A0A7EEBD6}.Release|x86.ActiveCfg = Release|Any CPU
		{2B41D0DB-7845-4AA0-804A-FF7A0A7EEBD6}.Release|x86.Build.0 = Release|Any CPU
	EndGlobalSection
	GlobalSection(NestedProjects) = preSolution
		{28AEC349-0058-4713-9451-81FA837438F9} = {45E4E846-0081-46E3-ADDF-DB29D146C428}
		{BD3D0E21-10B9-4960-825D-7EA13583570D} = {45E4E846-0081-46E3-ADDF-DB29D146C428}
		{2B41D0DB-7845-4AA0-804A-FF7A0A7EEBD6} = {45E4E846-0081-46E3-ADDF-DB29D146C428}
	EndGlobalSection
EndGlobal
